
Microsoft Visual Studio Solution File, Format Version 12.00
# Visual Studio 14
VisualStudioVersion = 14.0.25420.1
MinimumVisualStudioVersion = 10.0.40219.1
Project("{FAE04EC0-301F-11D3-BF4B-00C04F79EFBC}") = "P3_MOM", "P3_MOM\P3_MOM.csproj", "{8C748AE7-2FBB-425C-9AB7-C90E5B4EA121}"
EndProject
Project("{FAE04EC0-301F-11D3-BF4B-00C04F79EFBC}") = "Invernadero1", "Invernadero1\Invernadero1.csproj", "{834270BC-E930-42EB-872C-5FA17D74C887}"
EndProject
Project("{FAE04EC0-301F-11D3-BF4B-00C04F79EFBC}") = "Invernadero2", "Invernadero2\Invernadero2.csproj", "{324B58A8-0073-4A43-958B-5A32F1D05619}"
EndProject
Global
	GlobalSection(SolutionConfigurationPlatforms) = preSolution
		Debug|Any CPU = Debug|Any CPU
		Release|Any CPU = Release|Any CPU
	EndGlobalSection
	GlobalSection(ProjectConfigurationPlatforms) = postSolution
		{8C748AE7-2FBB-425C-9AB7-C90E5B4EA121}.Debug|Any CPU.ActiveCfg = Debug|Any CPU
		{8C748AE7-2FBB-425C-9AB7-C90E5B4EA121}.Debug|Any CPU.Build.0 = Debug|Any CPU
		{8C748AE7-2FBB-425C-9AB7-C90E5B4EA121}.Release|Any CPU.ActiveCfg = Release|Any CPU
		{8C748AE7-2FBB-425C-9AB7-C90E5B4EA121}.Release|Any CPU.Build.0 = Release|Any CPU
		{834270BC-E930-42EB-872C-5FA17D74C887}.Debug|Any CPU.ActiveCfg = Debug|Any CPU
		{834270BC-E930-42EB-872C-5FA17D74C887}.Debug|Any CPU.Build.0 = Debug|Any CPU
		{834270BC-E930-42EB-872C-5FA17D74C887}.Release|Any CPU.ActiveCfg = Release|Any CPU
		{834270BC-E930-42EB-872C-5FA17D74C887}.Release|Any CPU.Build.0 = Release|Any CPU
		{324B58A8-0073-4A43-958B-5A32F1D05619}.Debug|Any CPU.ActiveCfg = Debug|Any CPU
		{324B58A8-0073-4A43-958B-5A32F1D05619}.Debug|Any CPU.Build.0 = Debug|Any CPU
		{324B58A8-0073-4A43-958B-5A32F1D05619}.Release|Any CPU.ActiveCfg = Release|Any CPU
		{324B58A8-0073-4A43-958B-5A32F1D05619}.Release|Any CPU.Build.0 = Release|Any CPU
	EndGlobalSection
	GlobalSection(SolutionProperties) = preSolution
		HideSolutionNode = FALSE
	EndGlobalSection
EndGlobal
